// !$*UTF8*$!
{
	archiveVersion = 1;
	classes = {
	};
	objectVersion = 46;
	objects = {

/* Begin PBXBuildFile section */
		120B4E791CE045F90096194C /* svmClassifier.cpp in Sources */ = {isa = PBXBuildFile; fileRef = 120B4E771CE045F90096194C /* svmClassifier.cpp */; };
		1293C9791CDD8DA700E95288 /* main.cpp in Sources */ = {isa = PBXBuildFile; fileRef = 1293C9781CDD8DA700E95288 /* main.cpp */; };
		1293C9B51CDD8F7100E95288 /* asm.cpp in Sources */ = {isa = PBXBuildFile; fileRef = 1293C9821CDD8F7100E95288 /* asm.cpp */; };
		1293C9B61CDD8F7100E95288 /* classicdesc.cpp in Sources */ = {isa = PBXBuildFile; fileRef = 1293C9861CDD8F7100E95288 /* classicdesc.cpp */; };
		1293C9B71CDD8F7100E95288 /* convshape.cpp in Sources */ = {isa = PBXBuildFile; fileRef = 1293C9881CDD8F7100E95288 /* convshape.cpp */; };
		1293C9B81CDD8F7100E95288 /* err.cpp in Sources */ = {isa = PBXBuildFile; fileRef = 1293C98A1CDD8F7100E95288 /* err.cpp */; };
		1293C9B91CDD8F7100E95288 /* eyedet.cpp in Sources */ = {isa = PBXBuildFile; fileRef = 1293C98C1CDD8F7100E95288 /* eyedet.cpp */; };
		1293C9BA1CDD8F7100E95288 /* eyedist.cpp in Sources */ = {isa = PBXBuildFile; fileRef = 1293C98E1CDD8F7100E95288 /* eyedist.cpp */; };
		1293C9BB1CDD8F7100E95288 /* faceroi.cpp in Sources */ = {isa = PBXBuildFile; fileRef = 1293C9901CDD8F7100E95288 /* faceroi.cpp */; };
		1293C9BC1CDD8F7100E95288 /* hat.cpp in Sources */ = {isa = PBXBuildFile; fileRef = 1293C9921CDD8F7100E95288 /* hat.cpp */; };
		1293C9BD1CDD8F7100E95288 /* hatdesc.cpp in Sources */ = {isa = PBXBuildFile; fileRef = 1293C9941CDD8F7100E95288 /* hatdesc.cpp */; };
		1293C9BE1CDD8F7100E95288 /* landmarks.cpp in Sources */ = {isa = PBXBuildFile; fileRef = 1293C9961CDD8F7100E95288 /* landmarks.cpp */; };
		1293C9BF1CDD8F7100E95288 /* misc.cpp in Sources */ = {isa = PBXBuildFile; fileRef = 1293C9991CDD8F7100E95288 /* misc.cpp */; };
		1293C9C01CDD8F7100E95288 /* pinstart.cpp in Sources */ = {isa = PBXBuildFile; fileRef = 1293C99B1CDD8F7100E95288 /* pinstart.cpp */; };
		1293C9C11CDD8F7100E95288 /* print.cpp in Sources */ = {isa = PBXBuildFile; fileRef = 1293C99D1CDD8F7100E95288 /* print.cpp */; };
		1293C9C21CDD8F7100E95288 /* shape17.cpp in Sources */ = {isa = PBXBuildFile; fileRef = 1293C99F1CDD8F7100E95288 /* shape17.cpp */; };
		1293C9C31CDD8F7100E95288 /* shapehacks.cpp in Sources */ = {isa = PBXBuildFile; fileRef = 1293C9A11CDD8F7100E95288 /* shapehacks.cpp */; };
		1293C9C41CDD8F7100E95288 /* shapemod.cpp in Sources */ = {isa = PBXBuildFile; fileRef = 1293C9A31CDD8F7100E95288 /* shapemod.cpp */; };
		1293C9C51CDD8F7100E95288 /* startshape.cpp in Sources */ = {isa = PBXBuildFile; fileRef = 1293C9A51CDD8F7100E95288 /* startshape.cpp */; };
		1293C9C61CDD8F7100E95288 /* stasm_lib.cpp in Sources */ = {isa = PBXBuildFile; fileRef = 1293C9A91CDD8F7100E95288 /* stasm_lib.cpp */; };
		1293C9C71CDD8F7100E95288 /* stasm.cpp in Sources */ = {isa = PBXBuildFile; fileRef = 1293C9AB1CDD8F7100E95288 /* stasm.cpp */; };
		1293C9C81CDD8F7100E95288 /* facedet.cpp in Sources */ = {isa = PBXBuildFile; fileRef = 1293C9AE1CDD8F7100E95288 /* facedet.cpp */; };
		1293C9C91CDD8F7100E95288 /* initasm.cpp in Sources */ = {isa = PBXBuildFile; fileRef = 1293C9B01CDD8F7100E95288 /* initasm.cpp */; };
		1293CA471CDDA45C00E95288 /* libopencv_core.2.4.12.dylib in Frameworks */ = {isa = PBXBuildFile; fileRef = 1293CA3E1CDDA45C00E95288 /* libopencv_core.2.4.12.dylib */; };
		1293CA481CDDA45C00E95288 /* libopencv_imgproc.2.4.12.dylib in Frameworks */ = {isa = PBXBuildFile; fileRef = 1293CA3F1CDDA45C00E95288 /* libopencv_imgproc.2.4.12.dylib */; };
		1293CA491CDDA45C00E95288 /* libopencv_video.2.4.12.dylib in Frameworks */ = {isa = PBXBuildFile; fileRef = 1293CA401CDDA45C00E95288 /* libopencv_video.2.4.12.dylib */; };
		1293CA4A1CDDA45C00E95288 /* libopencv_highgui.2.4.12.dylib in Frameworks */ = {isa = PBXBuildFile; fileRef = 1293CA411CDDA45C00E95288 /* libopencv_highgui.2.4.12.dylib */; };
		1293CA4B1CDDA45C00E95288 /* libopencv_calib3d.2.4.12.dylib in Frameworks */ = {isa = PBXBuildFile; fileRef = 1293CA421CDDA45C00E95288 /* libopencv_calib3d.2.4.12.dylib */; };
		1293CA4C1CDDA45C00E95288 /* libopencv_ml.2.4.12.dylib in Frameworks */ = {isa = PBXBuildFile; fileRef = 1293CA431CDDA45C00E95288 /* libopencv_ml.2.4.12.dylib */; };
		1293CA4D1CDDA45C00E95288 /* libopencv_legacy.2.4.12.dylib in Frameworks */ = {isa = PBXBuildFile; fileRef = 1293CA441CDDA45C00E95288 /* libopencv_legacy.2.4.12.dylib */; };
		1293CA4E1CDDA45C00E95288 /* libopencv_objdetect.2.4.12.dylib in Frameworks */ = {isa = PBXBuildFile; fileRef = 1293CA451CDDA45C00E95288 /* libopencv_objdetect.2.4.12.dylib */; };
		1293CA4F1CDDA45C00E95288 /* libopencv_ocl.2.4.12.dylib in Frameworks */ = {isa = PBXBuildFile; fileRef = 1293CA461CDDA45C00E95288 /* libopencv_ocl.2.4.12.dylib */; };
		1293CA511CDDA47F00E95288 /* libopencv_photo.2.4.12.dylib in Frameworks */ = {isa = PBXBuildFile; fileRef = 1293CA501CDDA47F00E95288 /* libopencv_photo.2.4.12.dylib */; };
/* End PBXBuildFile section */

/* Begin PBXCopyFilesBuildPhase section */
		1293C9731CDD8DA700E95288 /* CopyFiles */ = {
			isa = PBXCopyFilesBuildPhase;
			buildActionMask = 2147483647;
			dstPath = /usr/share/man/man1/;
			dstSubfolderSpec = 0;
			files = (
			);
			runOnlyForDeploymentPostprocessing = 1;
		};
/* End PBXCopyFilesBuildPhase section */

/* Begin PBXFileReference section */
		120B4E771CE045F90096194C /* svmClassifier.cpp */ = {isa = PBXFileReference; fileEncoding = 4; lastKnownFileType = sourcecode.cpp.cpp; path = svmClassifier.cpp; sourceTree = "<group>"; };
		120B4E781CE045F90096194C /* svmClassifier.h */ = {isa = PBXFileReference; fileEncoding = 4; lastKnownFileType = sourcecode.c.h; path = svmClassifier.h; sourceTree = "<group>"; };
		1293C9751CDD8DA700E95288 /* emRecProj */ = {isa = PBXFileReference; explicitFileType = "compiled.mach-o.executable"; includeInIndex = 0; path = emRecProj; sourceTree = BUILT_PRODUCTS_DIR; };
		1293C9781CDD8DA700E95288 /* main.cpp */ = {isa = PBXFileReference; lastKnownFileType = sourcecode.cpp.cpp; path = main.cpp; sourceTree = "<group>"; };
		1293C9821CDD8F7100E95288 /* asm.cpp */ = {isa = PBXFileReference; fileEncoding = 4; lastKnownFileType = sourcecode.cpp.cpp; name = asm.cpp; path = stasm/asm.cpp; sourceTree = "<group>"; };
		1293C9831CDD8F7100E95288 /* asm.h */ = {isa = PBXFileReference; fileEncoding = 4; lastKnownFileType = sourcecode.c.h; name = asm.h; path = stasm/asm.h; sourceTree = "<group>"; };
		1293C9841CDD8F7100E95288 /* atface.h */ = {isa = PBXFileReference; fileEncoding = 4; lastKnownFileType = sourcecode.c.h; name = atface.h; path = stasm/atface.h; sourceTree = "<group>"; };
		1293C9851CDD8F7100E95288 /* basedesc.h */ = {isa = PBXFileReference; fileEncoding = 4; lastKnownFileType = sourcecode.c.h; name = basedesc.h; path = stasm/basedesc.h; sourceTree = "<group>"; };
		1293C9861CDD8F7100E95288 /* classicdesc.cpp */ = {isa = PBXFileReference; fileEncoding = 4; lastKnownFileType = sourcecode.cpp.cpp; name = classicdesc.cpp; path = stasm/classicdesc.cpp; sourceTree = "<group>"; };
		1293C9871CDD8F7100E95288 /* classicdesc.h */ = {isa = PBXFileReference; fileEncoding = 4; lastKnownFileType = sourcecode.c.h; name = classicdesc.h; path = stasm/classicdesc.h; sourceTree = "<group>"; };
		1293C9881CDD8F7100E95288 /* convshape.cpp */ = {isa = PBXFileReference; fileEncoding = 4; lastKnownFileType = sourcecode.cpp.cpp; name = convshape.cpp; path = stasm/convshape.cpp; sourceTree = "<group>"; };
		1293C9891CDD8F7100E95288 /* convshape.h */ = {isa = PBXFileReference; fileEncoding = 4; lastKnownFileType = sourcecode.c.h; name = convshape.h; path = stasm/convshape.h; sourceTree = "<group>"; };
		1293C98A1CDD8F7100E95288 /* err.cpp */ = {isa = PBXFileReference; fileEncoding = 4; lastKnownFileType = sourcecode.cpp.cpp; name = err.cpp; path = stasm/err.cpp; sourceTree = "<group>"; };
		1293C98B1CDD8F7100E95288 /* err.h */ = {isa = PBXFileReference; fileEncoding = 4; lastKnownFileType = sourcecode.c.h; name = err.h; path = stasm/err.h; sourceTree = "<group>"; };
		1293C98C1CDD8F7100E95288 /* eyedet.cpp */ = {isa = PBXFileReference; fileEncoding = 4; lastKnownFileType = sourcecode.cpp.cpp; name = eyedet.cpp; path = stasm/eyedet.cpp; sourceTree = "<group>"; };
		1293C98D1CDD8F7100E95288 /* eyedet.h */ = {isa = PBXFileReference; fileEncoding = 4; lastKnownFileType = sourcecode.c.h; name = eyedet.h; path = stasm/eyedet.h; sourceTree = "<group>"; };
		1293C98E1CDD8F7100E95288 /* eyedist.cpp */ = {isa = PBXFileReference; fileEncoding = 4; lastKnownFileType = sourcecode.cpp.cpp; name = eyedist.cpp; path = stasm/eyedist.cpp; sourceTree = "<group>"; };
		1293C98F1CDD8F7100E95288 /* eyedist.h */ = {isa = PBXFileReference; fileEncoding = 4; lastKnownFileType = sourcecode.c.h; name = eyedist.h; path = stasm/eyedist.h; sourceTree = "<group>"; };
		1293C9901CDD8F7100E95288 /* faceroi.cpp */ = {isa = PBXFileReference; fileEncoding = 4; lastKnownFileType = sourcecode.cpp.cpp; name = faceroi.cpp; path = stasm/faceroi.cpp; sourceTree = "<group>"; };
		1293C9911CDD8F7100E95288 /* faceroi.h */ = {isa = PBXFileReference; fileEncoding = 4; lastKnownFileType = sourcecode.c.h; name = faceroi.h; path = stasm/faceroi.h; sourceTree = "<group>"; };
		1293C9921CDD8F7100E95288 /* hat.cpp */ = {isa = PBXFileReference; fileEncoding = 4; lastKnownFileType = sourcecode.cpp.cpp; name = hat.cpp; path = stasm/hat.cpp; sourceTree = "<group>"; };
		1293C9931CDD8F7100E95288 /* hat.h */ = {isa = PBXFileReference; fileEncoding = 4; lastKnownFileType = sourcecode.c.h; name = hat.h; path = stasm/hat.h; sourceTree = "<group>"; };
		1293C9941CDD8F7100E95288 /* hatdesc.cpp */ = {isa = PBXFileReference; fileEncoding = 4; lastKnownFileType = sourcecode.cpp.cpp; name = hatdesc.cpp; path = stasm/hatdesc.cpp; sourceTree = "<group>"; };
		1293C9951CDD8F7100E95288 /* hatdesc.h */ = {isa = PBXFileReference; fileEncoding = 4; lastKnownFileType = sourcecode.c.h; name = hatdesc.h; path = stasm/hatdesc.h; sourceTree = "<group>"; };
		1293C9961CDD8F7100E95288 /* landmarks.cpp */ = {isa = PBXFileReference; fileEncoding = 4; lastKnownFileType = sourcecode.cpp.cpp; name = landmarks.cpp; path = stasm/landmarks.cpp; sourceTree = "<group>"; };
		1293C9971CDD8F7100E95288 /* landmarks.h */ = {isa = PBXFileReference; fileEncoding = 4; lastKnownFileType = sourcecode.c.h; name = landmarks.h; path = stasm/landmarks.h; sourceTree = "<group>"; };
		1293C9981CDD8F7100E95288 /* landtab_muct77.h */ = {isa = PBXFileReference; fileEncoding = 4; lastKnownFileType = sourcecode.c.h; name = landtab_muct77.h; path = stasm/landtab_muct77.h; sourceTree = "<group>"; };
		1293C9991CDD8F7100E95288 /* misc.cpp */ = {isa = PBXFileReference; fileEncoding = 4; lastKnownFileType = sourcecode.cpp.cpp; name = misc.cpp; path = stasm/misc.cpp; sourceTree = "<group>"; };
		1293C99A1CDD8F7100E95288 /* misc.h */ = {isa = PBXFileReference; fileEncoding = 4; lastKnownFileType = sourcecode.c.h; name = misc.h; path = stasm/misc.h; sourceTree = "<group>"; };
		1293C99B1CDD8F7100E95288 /* pinstart.cpp */ = {isa = PBXFileReference; fileEncoding = 4; lastKnownFileType = sourcecode.cpp.cpp; name = pinstart.cpp; path = stasm/pinstart.cpp; sourceTree = "<group>"; };
		1293C99C1CDD8F7100E95288 /* pinstart.h */ = {isa = PBXFileReference; fileEncoding = 4; lastKnownFileType = sourcecode.c.h; name = pinstart.h; path = stasm/pinstart.h; sourceTree = "<group>"; };
		1293C99D1CDD8F7100E95288 /* print.cpp */ = {isa = PBXFileReference; fileEncoding = 4; lastKnownFileType = sourcecode.cpp.cpp; name = print.cpp; path = stasm/print.cpp; sourceTree = "<group>"; };
		1293C99E1CDD8F7100E95288 /* print.h */ = {isa = PBXFileReference; fileEncoding = 4; lastKnownFileType = sourcecode.c.h; name = print.h; path = stasm/print.h; sourceTree = "<group>"; };
		1293C99F1CDD8F7100E95288 /* shape17.cpp */ = {isa = PBXFileReference; fileEncoding = 4; lastKnownFileType = sourcecode.cpp.cpp; name = shape17.cpp; path = stasm/shape17.cpp; sourceTree = "<group>"; };
		1293C9A01CDD8F7100E95288 /* shape17.h */ = {isa = PBXFileReference; fileEncoding = 4; lastKnownFileType = sourcecode.c.h; name = shape17.h; path = stasm/shape17.h; sourceTree = "<group>"; };
		1293C9A11CDD8F7100E95288 /* shapehacks.cpp */ = {isa = PBXFileReference; fileEncoding = 4; lastKnownFileType = sourcecode.cpp.cpp; name = shapehacks.cpp; path = stasm/shapehacks.cpp; sourceTree = "<group>"; };
		1293C9A21CDD8F7100E95288 /* shapehacks.h */ = {isa = PBXFileReference; fileEncoding = 4; lastKnownFileType = sourcecode.c.h; name = shapehacks.h; path = stasm/shapehacks.h; sourceTree = "<group>"; };
		1293C9A31CDD8F7100E95288 /* shapemod.cpp */ = {isa = PBXFileReference; fileEncoding = 4; lastKnownFileType = sourcecode.cpp.cpp; name = shapemod.cpp; path = stasm/shapemod.cpp; sourceTree = "<group>"; };
		1293C9A41CDD8F7100E95288 /* shapemod.h */ = {isa = PBXFileReference; fileEncoding = 4; lastKnownFileType = sourcecode.c.h; name = shapemod.h; path = stasm/shapemod.h; sourceTree = "<group>"; };
		1293C9A51CDD8F7100E95288 /* startshape.cpp */ = {isa = PBXFileReference; fileEncoding = 4; lastKnownFileType = sourcecode.cpp.cpp; name = startshape.cpp; path = stasm/startshape.cpp; sourceTree = "<group>"; };
		1293C9A61CDD8F7100E95288 /* startshape.h */ = {isa = PBXFileReference; fileEncoding = 4; lastKnownFileType = sourcecode.c.h; name = startshape.h; path = stasm/startshape.h; sourceTree = "<group>"; };
		1293C9A71CDD8F7100E95288 /* stasm_landmarks.h */ = {isa = PBXFileReference; fileEncoding = 4; lastKnownFileType = sourcecode.c.h; name = stasm_landmarks.h; path = stasm/stasm_landmarks.h; sourceTree = "<group>"; };
		1293C9A81CDD8F7100E95288 /* stasm_lib_ext.h */ = {isa = PBXFileReference; fileEncoding = 4; lastKnownFileType = sourcecode.c.h; name = stasm_lib_ext.h; path = stasm/stasm_lib_ext.h; sourceTree = "<group>"; };
		1293C9A91CDD8F7100E95288 /* stasm_lib.cpp */ = {isa = PBXFileReference; fileEncoding = 4; lastKnownFileType = sourcecode.cpp.cpp; name = stasm_lib.cpp; path = stasm/stasm_lib.cpp; sourceTree = "<group>"; };
		1293C9AA1CDD8F7100E95288 /* stasm_lib.h */ = {isa = PBXFileReference; fileEncoding = 4; lastKnownFileType = sourcecode.c.h; name = stasm_lib.h; path = stasm/stasm_lib.h; sourceTree = "<group>"; };
		1293C9AB1CDD8F7100E95288 /* stasm.cpp */ = {isa = PBXFileReference; fileEncoding = 4; lastKnownFileType = sourcecode.cpp.cpp; name = stasm.cpp; path = stasm/stasm.cpp; sourceTree = "<group>"; };
		1293C9AC1CDD8F7100E95288 /* stasm.h */ = {isa = PBXFileReference; fileEncoding = 4; lastKnownFileType = sourcecode.c.h; name = stasm.h; path = stasm/stasm.h; sourceTree = "<group>"; };
		1293C9AD1CDD8F7100E95288 /* MOD_1 */ = {isa = PBXFileReference; lastKnownFileType = folder; name = MOD_1; path = stasm/MOD_1; sourceTree = "<group>"; };
		1293C9AE1CDD8F7100E95288 /* facedet.cpp */ = {isa = PBXFileReference; fileEncoding = 4; lastKnownFileType = sourcecode.cpp.cpp; name = facedet.cpp; path = stasm/MOD_1/facedet.cpp; sourceTree = "<group>"; };
		1293C9AF1CDD8F7100E95288 /* facedet.h */ = {isa = PBXFileReference; fileEncoding = 4; lastKnownFileType = sourcecode.c.h; name = facedet.h; path = stasm/MOD_1/facedet.h; sourceTree = "<group>"; };
		1293C9B01CDD8F7100E95288 /* initasm.cpp */ = {isa = PBXFileReference; fileEncoding = 4; lastKnownFileType = sourcecode.cpp.cpp; name = initasm.cpp; path = stasm/MOD_1/initasm.cpp; sourceTree = "<group>"; };
		1293C9B11CDD8F7100E95288 /* initasm.h */ = {isa = PBXFileReference; fileEncoding = 4; lastKnownFileType = sourcecode.c.h; name = initasm.h; path = stasm/MOD_1/initasm.h; sourceTree = "<group>"; };
		1293C9B21CDD8F7100E95288 /* README.txt */ = {isa = PBXFileReference; fileEncoding = 4; lastKnownFileType = text; name = README.txt; path = stasm/MOD_1/README.txt; sourceTree = "<group>"; };
		1293C9B31CDD8F7100E95288 /* log */ = {isa = PBXFileReference; lastKnownFileType = folder; name = log; path = stasm/MOD_1/log; sourceTree = "<group>"; };
		1293C9B41CDD8F7100E95288 /* mh */ = {isa = PBXFileReference; lastKnownFileType = folder; name = mh; path = stasm/MOD_1/mh; sourceTree = "<group>"; };
		1293CA3E1CDDA45C00E95288 /* libopencv_core.2.4.12.dylib */ = {isa = PBXFileReference; lastKnownFileType = "compiled.mach-o.dylib"; path = libopencv_core.2.4.12.dylib; sourceTree = "<group>"; };
		1293CA3F1CDDA45C00E95288 /* libopencv_imgproc.2.4.12.dylib */ = {isa = PBXFileReference; lastKnownFileType = "compiled.mach-o.dylib"; path = libopencv_imgproc.2.4.12.dylib; sourceTree = "<group>"; };
		1293CA401CDDA45C00E95288 /* libopencv_video.2.4.12.dylib */ = {isa = PBXFileReference; lastKnownFileType = "compiled.mach-o.dylib"; path = libopencv_video.2.4.12.dylib; sourceTree = "<group>"; };
		1293CA411CDDA45C00E95288 /* libopencv_highgui.2.4.12.dylib */ = {isa = PBXFileReference; lastKnownFileType = "compiled.mach-o.dylib"; path = libopencv_highgui.2.4.12.dylib; sourceTree = "<group>"; };
		1293CA421CDDA45C00E95288 /* libopencv_calib3d.2.4.12.dylib */ = {isa = PBXFileReference; lastKnownFileType = "compiled.mach-o.dylib"; path = libopencv_calib3d.2.4.12.dylib; sourceTree = "<group>"; };
		1293CA431CDDA45C00E95288 /* libopencv_ml.2.4.12.dylib */ = {isa = PBXFileReference; lastKnownFileType = "compiled.mach-o.dylib"; path = libopencv_ml.2.4.12.dylib; sourceTree = "<group>"; };
		1293CA441CDDA45C00E95288 /* libopencv_legacy.2.4.12.dylib */ = {isa = PBXFileReference; lastKnownFileType = "compiled.mach-o.dylib"; path = libopencv_legacy.2.4.12.dylib; sourceTree = "<group>"; };
		1293CA451CDDA45C00E95288 /* libopencv_objdetect.2.4.12.dylib */ = {isa = PBXFileReference; lastKnownFileType = "compiled.mach-o.dylib"; path = libopencv_objdetect.2.4.12.dylib; sourceTree = "<group>"; };
		1293CA461CDDA45C00E95288 /* libopencv_ocl.2.4.12.dylib */ = {isa = PBXFileReference; lastKnownFileType = "compiled.mach-o.dylib"; path = libopencv_ocl.2.4.12.dylib; sourceTree = "<group>"; };
		1293CA501CDDA47F00E95288 /* libopencv_photo.2.4.12.dylib */ = {isa = PBXFileReference; lastKnownFileType = "compiled.mach-o.dylib"; path = libopencv_photo.2.4.12.dylib; sourceTree = "<group>"; };
		1293CA5A1CDEA5A000E95288 /* haar */ = {isa = PBXFileReference; lastKnownFileType = folder; path = haar; sourceTree = "<group>"; };
/* End PBXFileReference section */

/* Begin PBXFrameworksBuildPhase section */
		1293C9721CDD8DA700E95288 /* Frameworks */ = {
			isa = PBXFrameworksBuildPhase;
			buildActionMask = 2147483647;
			files = (
				1293CA491CDDA45C00E95288 /* libopencv_video.2.4.12.dylib in Frameworks */,
				1293CA4D1CDDA45C00E95288 /* libopencv_legacy.2.4.12.dylib in Frameworks */,
				1293CA4A1CDDA45C00E95288 /* libopencv_highgui.2.4.12.dylib in Frameworks */,
				1293CA4C1CDDA45C00E95288 /* libopencv_ml.2.4.12.dylib in Frameworks */,
				1293CA511CDDA47F00E95288 /* libopencv_photo.2.4.12.dylib in Frameworks */,
				1293CA4E1CDDA45C00E95288 /* libopencv_objdetect.2.4.12.dylib in Frameworks */,
				1293CA4B1CDDA45C00E95288 /* libopencv_calib3d.2.4.12.dylib in Frameworks */,
				1293CA471CDDA45C00E95288 /* libopencv_core.2.4.12.dylib in Frameworks */,
				1293CA4F1CDDA45C00E95288 /* libopencv_ocl.2.4.12.dylib in Frameworks */,
				1293CA481CDDA45C00E95288 /* libopencv_imgproc.2.4.12.dylib in Frameworks */,
			);
			runOnlyForDeploymentPostprocessing = 0;
		};
/* End PBXFrameworksBuildPhase section */

/* Begin PBXGroup section */
		1293C96C1CDD8DA700E95288 = {
			isa = PBXGroup;
			children = (
				1293CA5A1CDEA5A000E95288 /* haar */,
				1293CA501CDDA47F00E95288 /* libopencv_photo.2.4.12.dylib */,
				1293CA3E1CDDA45C00E95288 /* libopencv_core.2.4.12.dylib */,
				1293CA3F1CDDA45C00E95288 /* libopencv_imgproc.2.4.12.dylib */,
				1293CA401CDDA45C00E95288 /* libopencv_video.2.4.12.dylib */,
				1293CA411CDDA45C00E95288 /* libopencv_highgui.2.4.12.dylib */,
				1293CA421CDDA45C00E95288 /* libopencv_calib3d.2.4.12.dylib */,
				1293CA431CDDA45C00E95288 /* libopencv_ml.2.4.12.dylib */,
				1293CA441CDDA45C00E95288 /* libopencv_legacy.2.4.12.dylib */,
				1293CA451CDDA45C00E95288 /* libopencv_objdetect.2.4.12.dylib */,
				1293CA461CDDA45C00E95288 /* libopencv_ocl.2.4.12.dylib */,
				1293C97F1CDD8F2B00E95288 /* Stasm */,
				1293C9771CDD8DA700E95288 /* emRecProj */,
				1293C9761CDD8DA700E95288 /* Products */,
			);
			sourceTree = "<group>";
		};
		1293C9761CDD8DA700E95288 /* Products */ = {
			isa = PBXGroup;
			children = (
				1293C9751CDD8DA700E95288 /* emRecProj */,
			);
			name = Products;
			sourceTree = "<group>";
		};
		1293C9771CDD8DA700E95288 /* emRecProj */ = {
			isa = PBXGroup;
			children = (
				120B4E771CE045F90096194C /* svmClassifier.cpp */,
				120B4E781CE045F90096194C /* svmClassifier.h */,
				1293C9781CDD8DA700E95288 /* main.cpp */,
			);
			path = emRecProj;
			sourceTree = "<group>";
		};
		1293C97F1CDD8F2B00E95288 /* Stasm */ = {
			isa = PBXGroup;
			children = (
				1293C9821CDD8F7100E95288 /* asm.cpp */,
				1293C9831CDD8F7100E95288 /* asm.h */,
				1293C9841CDD8F7100E95288 /* atface.h */,
				1293C9851CDD8F7100E95288 /* basedesc.h */,
				1293C9861CDD8F7100E95288 /* classicdesc.cpp */,
				1293C9871CDD8F7100E95288 /* classicdesc.h */,
				1293C9881CDD8F7100E95288 /* convshape.cpp */,
				1293C9891CDD8F7100E95288 /* convshape.h */,
				1293C98A1CDD8F7100E95288 /* err.cpp */,
				1293C98B1CDD8F7100E95288 /* err.h */,
				1293C98C1CDD8F7100E95288 /* eyedet.cpp */,
				1293C98D1CDD8F7100E95288 /* eyedet.h */,
				1293C98E1CDD8F7100E95288 /* eyedist.cpp */,
				1293C98F1CDD8F7100E95288 /* eyedist.h */,
				1293C9901CDD8F7100E95288 /* faceroi.cpp */,
				1293C9911CDD8F7100E95288 /* faceroi.h */,
				1293C9921CDD8F7100E95288 /* hat.cpp */,
				1293C9931CDD8F7100E95288 /* hat.h */,
				1293C9941CDD8F7100E95288 /* hatdesc.cpp */,
				1293C9951CDD8F7100E95288 /* hatdesc.h */,
				1293C9961CDD8F7100E95288 /* landmarks.cpp */,
				1293C9971CDD8F7100E95288 /* landmarks.h */,
				1293C9981CDD8F7100E95288 /* landtab_muct77.h */,
				1293C9991CDD8F7100E95288 /* misc.cpp */,
				1293C99A1CDD8F7100E95288 /* misc.h */,
				1293C99B1CDD8F7100E95288 /* pinstart.cpp */,
				1293C99C1CDD8F7100E95288 /* pinstart.h */,
				1293C99D1CDD8F7100E95288 /* print.cpp */,
				1293C99E1CDD8F7100E95288 /* print.h */,
				1293C99F1CDD8F7100E95288 /* shape17.cpp */,
				1293C9A01CDD8F7100E95288 /* shape17.h */,
				1293C9A11CDD8F7100E95288 /* shapehacks.cpp */,
				1293C9A21CDD8F7100E95288 /* shapehacks.h */,
				1293C9A31CDD8F7100E95288 /* shapemod.cpp */,
				1293C9A41CDD8F7100E95288 /* shapemod.h */,
				1293C9A51CDD8F7100E95288 /* startshape.cpp */,
				1293C9A61CDD8F7100E95288 /* startshape.h */,
				1293C9A71CDD8F7100E95288 /* stasm_landmarks.h */,
				1293C9A81CDD8F7100E95288 /* stasm_lib_ext.h */,
				1293C9A91CDD8F7100E95288 /* stasm_lib.cpp */,
				1293C9AA1CDD8F7100E95288 /* stasm_lib.h */,
				1293C9AB1CDD8F7100E95288 /* stasm.cpp */,
				1293C9AC1CDD8F7100E95288 /* stasm.h */,
				1293C9AD1CDD8F7100E95288 /* MOD_1 */,
				1293C9AE1CDD8F7100E95288 /* facedet.cpp */,
				1293C9AF1CDD8F7100E95288 /* facedet.h */,
				1293C9B01CDD8F7100E95288 /* initasm.cpp */,
				1293C9B11CDD8F7100E95288 /* initasm.h */,
				1293C9B21CDD8F7100E95288 /* README.txt */,
				1293C9B31CDD8F7100E95288 /* log */,
				1293C9B41CDD8F7100E95288 /* mh */,
			);
			name = Stasm;
			sourceTree = "<group>";
		};
/* End PBXGroup section */

/* Begin PBXNativeTarget section */
		1293C9741CDD8DA700E95288 /* emRecProj */ = {
			isa = PBXNativeTarget;
			buildConfigurationList = 1293C97C1CDD8DA700E95288 /* Build configuration list for PBXNativeTarget "emRecProj" */;
			buildPhases = (
				1293C9711CDD8DA700E95288 /* Sources */,
				1293C9721CDD8DA700E95288 /* Frameworks */,
				1293C9731CDD8DA700E95288 /* CopyFiles */,
			);
			buildRules = (
			);
			dependencies = (
			);
			name = emRecProj;
			productName = emRecProj;
			productReference = 1293C9751CDD8DA700E95288 /* emRecProj */;
			productType = "com.apple.product-type.tool";
		};
/* End PBXNativeTarget section */

/* Begin PBXProject section */
		1293C96D1CDD8DA700E95288 /* Project object */ = {
			isa = PBXProject;
			attributes = {
				LastUpgradeCheck = 0730;
				ORGANIZATIONNAME = "Shobhika Panda";
				TargetAttributes = {
					1293C9741CDD8DA700E95288 = {
						CreatedOnToolsVersion = 7.3.1;
					};
				};
			};
			buildConfigurationList = 1293C9701CDD8DA700E95288 /* Build configuration list for PBXProject "emRecProj" */;
			compatibilityVersion = "Xcode 3.2";
			developmentRegion = English;
			hasScannedForEncodings = 0;
			knownRegions = (
				en,
			);
			mainGroup = 1293C96C1CDD8DA700E95288;
			productRefGroup = 1293C9761CDD8DA700E95288 /* Products */;
			projectDirPath = "";
			projectRoot = "";
			targets = (
				1293C9741CDD8DA700E95288 /* emRecProj */,
			);
		};
/* End PBXProject section */

/* Begin PBXSourcesBuildPhase section */
		1293C9711CDD8DA700E95288 /* Sources */ = {
			isa = PBXSourcesBuildPhase;
			buildActionMask = 2147483647;
			files = (
				1293C9C81CDD8F7100E95288 /* facedet.cpp in Sources */,
				1293C9B61CDD8F7100E95288 /* classicdesc.cpp in Sources */,
				1293C9BE1CDD8F7100E95288 /* landmarks.cpp in Sources */,
				1293C9C01CDD8F7100E95288 /* pinstart.cpp in Sources */,
				1293C9B91CDD8F7100E95288 /* eyedet.cpp in Sources */,
				1293C9C51CDD8F7100E95288 /* startshape.cpp in Sources */,
				1293C9C41CDD8F7100E95288 /* shapemod.cpp in Sources */,
				1293C9C91CDD8F7100E95288 /* initasm.cpp in Sources */,
				1293C9BD1CDD8F7100E95288 /* hatdesc.cpp in Sources */,
				1293C9B71CDD8F7100E95288 /* convshape.cpp in Sources */,
				1293C9BF1CDD8F7100E95288 /* misc.cpp in Sources */,
				1293C9C11CDD8F7100E95288 /* print.cpp in Sources */,
				120B4E791CE045F90096194C /* svmClassifier.cpp in Sources */,
				1293C9BA1CDD8F7100E95288 /* eyedist.cpp in Sources */,
				1293C9791CDD8DA700E95288 /* main.cpp in Sources */,
				1293C9C61CDD8F7100E95288 /* stasm_lib.cpp in Sources */,
				1293C9C31CDD8F7100E95288 /* shapehacks.cpp in Sources */,
				1293C9C71CDD8F7100E95288 /* stasm.cpp in Sources */,
				1293C9BB1CDD8F7100E95288 /* faceroi.cpp in Sources */,
				1293C9C21CDD8F7100E95288 /* shape17.cpp in Sources */,
				1293C9BC1CDD8F7100E95288 /* hat.cpp in Sources */,
				1293C9B51CDD8F7100E95288 /* asm.cpp in Sources */,
				1293C9B81CDD8F7100E95288 /* err.cpp in Sources */,
			);
			runOnlyForDeploymentPostprocessing = 0;
		};
/* End PBXSourcesBuildPhase section */

/* Begin XCBuildConfiguration section */
		1293C97A1CDD8DA700E95288 /* Debug */ = {
			isa = XCBuildConfiguration;
			buildSettings = {
				ALWAYS_SEARCH_USER_PATHS = NO;
				CLANG_ANALYZER_NONNULL = YES;
				CLANG_CXX_LANGUAGE_STANDARD = "compiler-default";
				CLANG_CXX_LIBRARY = "compiler-default";
				CLANG_ENABLE_MODULES = YES;
				CLANG_ENABLE_OBJC_ARC = YES;
				CLANG_WARN_BOOL_CONVERSION = YES;
				CLANG_WARN_CONSTANT_CONVERSION = YES;
				CLANG_WARN_DIRECT_OBJC_ISA_USAGE = YES_ERROR;
				CLANG_WARN_EMPTY_BODY = YES;
				CLANG_WARN_ENUM_CONVERSION = YES;
				CLANG_WARN_INT_CONVERSION = YES;
				CLANG_WARN_OBJC_ROOT_CLASS = YES_ERROR;
				CLANG_WARN_UNREACHABLE_CODE = YES;
				CLANG_WARN__DUPLICATE_METHOD_MATCH = YES;
				CODE_SIGN_IDENTITY = "-";
				COPY_PHASE_STRIP = NO;
				DEBUG_INFORMATION_FORMAT = dwarf;
				ENABLE_STRICT_OBJC_MSGSEND = YES;
				ENABLE_TESTABILITY = YES;
				GCC_C_LANGUAGE_STANDARD = gnu99;
				GCC_DYNAMIC_NO_PIC = NO;
				GCC_NO_COMMON_BLOCKS = YES;
				GCC_OPTIMIZATION_LEVEL = 0;
				GCC_PREPROCESSOR_DEFINITIONS = (
					"DEBUG=1",
					"$(inherited)",
				);
				GCC_WARN_64_TO_32_BIT_CONVERSION = YES;
				GCC_WARN_ABOUT_RETURN_TYPE = YES_ERROR;
				GCC_WARN_UNDECLARED_SELECTOR = YES;
				GCC_WARN_UNINITIALIZED_AUTOS = YES_AGGRESSIVE;
				GCC_WARN_UNUSED_FUNCTION = YES;
				GCC_WARN_UNUSED_VARIABLE = YES;
				MACOSX_DEPLOYMENT_TARGET = 10.11;
				MTL_ENABLE_DEBUG_INFO = YES;
				ONLY_ACTIVE_ARCH = YES;
				SDKROOT = macosx;
			};
			name = Debug;
		};
		1293C97B1CDD8DA700E95288 /* Release */ = {
			isa = XCBuildConfiguration;
			buildSettings = {
				ALWAYS_SEARCH_USER_PATHS = NO;
				CLANG_ANALYZER_NONNULL = YES;
				CLANG_CXX_LANGUAGE_STANDARD = "compiler-default";
				CLANG_CXX_LIBRARY = "compiler-default";
				CLANG_ENABLE_MODULES = YES;
				CLANG_ENABLE_OBJC_ARC = YES;
				CLANG_WARN_BOOL_CONVERSION = YES;
				CLANG_WARN_CONSTANT_CONVERSION = YES;
				CLANG_WARN_DIRECT_OBJC_ISA_USAGE = YES_ERROR;
				CLANG_WARN_EMPTY_BODY = YES;
				CLANG_WARN_ENUM_CONVERSION = YES;
				CLANG_WARN_INT_CONVERSION = YES;
				CLANG_WARN_OBJC_ROOT_CLASS = YES_ERROR;
				CLANG_WARN_UNREACHABLE_CODE = YES;
				CLANG_WARN__DUPLICATE_METHOD_MATCH = YES;
				CODE_SIGN_IDENTITY = "-";
				COPY_PHASE_STRIP = NO;
				DEBUG_INFORMATION_FORMAT = "dwarf-with-dsym";
				ENABLE_NS_ASSERTIONS = NO;
				ENABLE_STRICT_OBJC_MSGSEND = YES;
				GCC_C_LANGUAGE_STANDARD = gnu99;
				GCC_NO_COMMON_BLOCKS = YES;
				GCC_WARN_64_TO_32_BIT_CONVERSION = YES;
				GCC_WARN_ABOUT_RETURN_TYPE = YES_ERROR;
				GCC_WARN_UNDECLARED_SELECTOR = YES;
				GCC_WARN_UNINITIALIZED_AUTOS = YES_AGGRESSIVE;
				GCC_WARN_UNUSED_FUNCTION = YES;
				GCC_WARN_UNUSED_VARIABLE = YES;
				MACOSX_DEPLOYMENT_TARGET = 10.11;
				MTL_ENABLE_DEBUG_INFO = NO;
				SDKROOT = macosx;
			};
			name = Release;
		};
		1293C97D1CDD8DA700E95288 /* Debug */ = {
			isa = XCBuildConfiguration;
			buildSettings = {
				HEADER_SEARCH_PATHS = /usr/local/include;
				"HEADER_SEARCH_PATHS[arch=*]" = /usr/local/include;
				LIBRARY_SEARCH_PATHS = (
					/usr/local/lib,
					"$(PROJECT_DIR)",
				);
				"LIBRARY_SEARCH_PATHS[arch=*]" = /usr/local/lib;
				OTHER_LDFLAGS = (
					"-lopencv_calib3d",
					"-lopencv_core",
					"-lopencv_highgui",
					"-lopencv_imgproc",
					"-lopencv_ml",
					"-lopencv_objdetect",
					"-lopencv_photo",
					"-lopencv_video",
				);
				"OTHER_LDFLAGS[arch=*]" = (
					"-lopencv_calib3d",
					"-lopencv_core",
					"-lopencv_highgui",
					"-lopencv_imgproc",
					"-lopencv_ml",
					"-lopencv_objdetect",
					"-lopencv_photo",
					"-lopencv_video",
				);
				PRODUCT_NAME = "$(TARGET_NAME)";
			};
			name = Debug;
		};
		1293C97E1CDD8DA700E95288 /* Release */ = {
			isa = XCBuildConfiguration;
			buildSettings = {
				HEADER_SEARCH_PATHS = /usr/local/include;
				"HEADER_SEARCH_PATHS[arch=*]" = /usr/local/include;
				LIBRARY_SEARCH_PATHS = (
					/usr/local/lib,
					"$(PROJECT_DIR)",
				);
				OTHER_LDFLAGS = (
					"-lopencv_calib3d",
					"-lopencv_core",
					"-lopencv_highgui",
					"-lopencv_imgproc",
					"-lopencv_ml",
					"-lopencv_objdetect",
					"-lopencv_photo",
					"-lopencv_video",
				);
				PRODUCT_NAME = "$(TARGET_NAME)";
			};
			name = Release;
		};
/* End XCBuildConfiguration section */

/* Begin XCConfigurationList section */
		1293C9701CDD8DA700E95288 /* Build configuration list for PBXProject "emRecProj" */ = {
			isa = XCConfigurationList;
			buildConfigurations = (
				1293C97A1CDD8DA700E95288 /* Debug */,
				1293C97B1CDD8DA700E95288 /* Release */,
			);
			defaultConfigurationIsVisible = 0;
			defaultConfigurationName = Release;
		};
		1293C97C1CDD8DA700E95288 /* Build configuration list for PBXNativeTarget "emRecProj" */ = {
			isa = XCConfigurationList;
			buildConfigurations = (
				1293C97D1CDD8DA700E95288 /* Debug */,
				1293C97E1CDD8DA700E95288 /* Release */,
			);
			defaultConfigurationIsVisible = 0;
			defaultConfigurationName = Release;
		};
/* End XCConfigurationList section */
	};
	rootObject = 1293C96D1CDD8DA700E95288 /* Project object */;
}
